
Microsoft Visual Studio Solution File, Format Version 12.00
# Visual Studio Version 16
VisualStudioVersion = 25.0.1703.8
MinimumVisualStudioVersion = 10.0.40219.1
Project("{FAE04EC0-301F-11D3-BF4B-00C04F79EFBC}") = "user_service", "user_service\user_service.csproj", "{858FCB72-87B5-4FD9-9EA4-AFD87B41791A}"
EndProject
Global
	GlobalSection(SolutionConfigurationPlatforms) = preSolution
		Debug|Any CPU = Debug|Any CPU
		Release|Any CPU = Release|Any CPU
	EndGlobalSection
	GlobalSection(ProjectConfigurationPlatforms) = postSolution
		{858FCB72-87B5-4FD9-9EA4-AFD87B41791A}.Debug|Any CPU.ActiveCfg = Debug|Any CPU
		{858FCB72-87B5-4FD9-9EA4-AFD87B41791A}.Debug|Any CPU.Build.0 = Debug|Any CPU
		{858FCB72-87B5-4FD9-9EA4-AFD87B41791A}.Release|Any CPU.ActiveCfg = Release|Any CPU
		{858FCB72-87B5-4FD9-9EA4-AFD87B41791A}.Release|Any CPU.Build.0 = Release|Any CPU
	EndGlobalSection
	GlobalSection(SolutionProperties) = preSolution
		HideSolutionNode = FALSE
	EndGlobalSection
	GlobalSection(ExtensibilityGlobals) = postSolution
		SolutionGuid = {48BCDC1C-C839-4321-8DBE-656052D0BC49}
	EndGlobalSection
EndGlobal
